// !$*UTF8*$!
{
	archiveVersion = 1;
	classes = {
	};
	objectVersion = 55;
	objects = {

/* Begin PBXBuildFile section */
		465A26DB0A71A775EC533220 /* Pods_Firebase_Login_Sample_Firebase_Login_SampleUITests.framework in Frameworks */ = {isa = PBXBuildFile; fileRef = 34BC3CFD7F444E45C44B26F0 /* Pods_Firebase_Login_Sample_Firebase_Login_SampleUITests.framework */; };
		77083B2E38397B945F694B25 /* Pods_Firebase_Login_Sample.framework in Frameworks */ = {isa = PBXBuildFile; fileRef = AB6B85D2EED55AF466A8CEAB /* Pods_Firebase_Login_Sample.framework */; };
		AB1B1D812743937C000F8220 /* SignUpViewModel.swift in Sources */ = {isa = PBXBuildFile; fileRef = AB1B1D802743937C000F8220 /* SignUpViewModel.swift */; };
		AB1B1D8327452793000F8220 /* ResetingPasswordViewModel.swift in Sources */ = {isa = PBXBuildFile; fileRef = AB1B1D8227452793000F8220 /* ResetingPasswordViewModel.swift */; };
		AB872638273DF0360094544E /* LoginViewModel.swift in Sources */ = {isa = PBXBuildFile; fileRef = AB872637273DF0360094544E /* LoginViewModel.swift */; };
		AB872679273E3F290094544E /* UserRepositoryProtocol.swift in Sources */ = {isa = PBXBuildFile; fileRef = AB872678273E3F290094544E /* UserRepositoryProtocol.swift */; };
		ABBD78AA2739FCC0007791EB /* AppDelegate.swift in Sources */ = {isa = PBXBuildFile; fileRef = ABBD78A92739FCC0007791EB /* AppDelegate.swift */; };
		ABBD78AC2739FCC0007791EB /* SceneDelegate.swift in Sources */ = {isa = PBXBuildFile; fileRef = ABBD78AB2739FCC0007791EB /* SceneDelegate.swift */; };
		ABBD78B32739FCC2007791EB /* Assets.xcassets in Resources */ = {isa = PBXBuildFile; fileRef = ABBD78B22739FCC2007791EB /* Assets.xcassets */; };
		ABBD78B62739FCC2007791EB /* LaunchScreen.storyboard in Resources */ = {isa = PBXBuildFile; fileRef = ABBD78B42739FCC2007791EB /* LaunchScreen.storyboard */; };
		ABBD78C12739FCC2007791EB /* Firebase_Login_SampleTests.swift in Sources */ = {isa = PBXBuildFile; fileRef = ABBD78C02739FCC2007791EB /* Firebase_Login_SampleTests.swift */; };
		ABBD78CB2739FCC2007791EB /* Firebase_Login_SampleUITests.swift in Sources */ = {isa = PBXBuildFile; fileRef = ABBD78CA2739FCC2007791EB /* Firebase_Login_SampleUITests.swift */; };
		ABBD78CD2739FCC2007791EB /* Firebase_Login_SampleUITestsLaunchTests.swift in Sources */ = {isa = PBXBuildFile; fileRef = ABBD78CC2739FCC2007791EB /* Firebase_Login_SampleUITestsLaunchTests.swift */; };
		ABBD78DA2739FE22007791EB /* GoogleService-Info.plist in Resources */ = {isa = PBXBuildFile; fileRef = ABBD78D92739FE22007791EB /* GoogleService-Info.plist */; };
		ABBD78EB273A00FC007791EB /* FirebaseUserDataStore.swift in Sources */ = {isa = PBXBuildFile; fileRef = ABBD78EA273A00FC007791EB /* FirebaseUserDataStore.swift */; };
		ABBD78ED273A010A007791EB /* User.swift in Sources */ = {isa = PBXBuildFile; fileRef = ABBD78EC273A010A007791EB /* User.swift */; };
		ABBD78EF273A012A007791EB /* UserRepository.swift in Sources */ = {isa = PBXBuildFile; fileRef = ABBD78EE273A012A007791EB /* UserRepository.swift */; };
		ABBD78F1273A0135007791EB /* UserUseCase.swift in Sources */ = {isa = PBXBuildFile; fileRef = ABBD78F0273A0135007791EB /* UserUseCase.swift */; };
		ABBD78FE273A015A007791EB /* SignUpViewController.swift in Sources */ = {isa = PBXBuildFile; fileRef = ABBD78F4273A015A007791EB /* SignUpViewController.swift */; };
		ABBD78FF273A015B007791EB /* ResetingPasswordViewController.swift in Sources */ = {isa = PBXBuildFile; fileRef = ABBD78F5273A015A007791EB /* ResetingPasswordViewController.swift */; };
		ABBD7900273A015B007791EB /* LoginAndSignUpViewController.swift in Sources */ = {isa = PBXBuildFile; fileRef = ABBD78F6273A015A007791EB /* LoginAndSignUpViewController.swift */; };
		ABBD7901273A015B007791EB /* LoginViewController.swift in Sources */ = {isa = PBXBuildFile; fileRef = ABBD78F7273A015A007791EB /* LoginViewController.swift */; };
		ABBD7902273A015B007791EB /* ResetingPassword.storyboard in Resources */ = {isa = PBXBuildFile; fileRef = ABBD78FA273A015A007791EB /* ResetingPassword.storyboard */; };
		ABBD7903273A015B007791EB /* Login.storyboard in Resources */ = {isa = PBXBuildFile; fileRef = ABBD78FB273A015A007791EB /* Login.storyboard */; };
		ABBD7904273A015B007791EB /* LoginAndSignUp.storyboard in Resources */ = {isa = PBXBuildFile; fileRef = ABBD78FC273A015A007791EB /* LoginAndSignUp.storyboard */; };
		ABBD7905273A015B007791EB /* SignUp.storyboard in Resources */ = {isa = PBXBuildFile; fileRef = ABBD78FD273A015A007791EB /* SignUp.storyboard */; };
		ABBD7908273A01A1007791EB /* Top.storyboard in Resources */ = {isa = PBXBuildFile; fileRef = ABBD7907273A01A1007791EB /* Top.storyboard */; };
		ABBD790D273A01C8007791EB /* TopViewController.swift in Sources */ = {isa = PBXBuildFile; fileRef = ABBD790C273A01C8007791EB /* TopViewController.swift */; };
		ABBD7918273A035A007791EB /* UIColor+Extension.swift in Sources */ = {isa = PBXBuildFile; fileRef = ABBD7917273A035A007791EB /* UIColor+Extension.swift */; };
		ABBD791A273A0382007791EB /* UIView+Extension.swift in Sources */ = {isa = PBXBuildFile; fileRef = ABBD7919273A0382007791EB /* UIView+Extension.swift */; };
		ABBD7945273A0401007791EB /* CustomButton.swift in Sources */ = {isa = PBXBuildFile; fileRef = ABBD7924273A0400007791EB /* CustomButton.swift */; };
		ABBD7952273A0401007791EB /* CustomTextField.swift in Sources */ = {isa = PBXBuildFile; fileRef = ABBD7932273A0400007791EB /* CustomTextField.swift */; };
		ABBD7960273A04A9007791EB /* Indicator.swift in Sources */ = {isa = PBXBuildFile; fileRef = ABBD795E273A04A9007791EB /* Indicator.swift */; };
		ABBD7961273A04A9007791EB /* HUDIndicator.swift in Sources */ = {isa = PBXBuildFile; fileRef = ABBD795F273A04A9007791EB /* HUDIndicator.swift */; };
		ABBD796D273A080B007791EB /* CommunicationStatus.swift in Sources */ = {isa = PBXBuildFile; fileRef = ABBD796C273A080B007791EB /* CommunicationStatus.swift */; };
		ABBD796F273A0831007791EB /* UIViewController+Extension.swift in Sources */ = {isa = PBXBuildFile; fileRef = ABBD796E273A0831007791EB /* UIViewController+Extension.swift */; };
		ABBD7971273A08FF007791EB /* UIImage+Extension.swift in Sources */ = {isa = PBXBuildFile; fileRef = ABBD7970273A08FF007791EB /* UIImage+Extension.swift */; };
		ABBD7973273A0ADC007791EB /* UITextField+Extension.swift in Sources */ = {isa = PBXBuildFile; fileRef = ABBD7972273A0ADC007791EB /* UITextField+Extension.swift */; };
		DC8074C3CBB2E9956119505B /* Pods_Firebase_Login_SampleTests.framework in Frameworks */ = {isa = PBXBuildFile; fileRef = 615F41ADBF49723C6E04BF95 /* Pods_Firebase_Login_SampleTests.framework */; };
/* End PBXBuildFile section */

/* Begin PBXContainerItemProxy section */
		ABBD78BD2739FCC2007791EB /* PBXContainerItemProxy */ = {
			isa = PBXContainerItemProxy;
			containerPortal = ABBD789E2739FCC0007791EB /* Project object */;
			proxyType = 1;
			remoteGlobalIDString = ABBD78A52739FCC0007791EB;
			remoteInfo = "Firebase-Login-Sample";
		};
		ABBD78C72739FCC2007791EB /* PBXContainerItemProxy */ = {
			isa = PBXContainerItemProxy;
			containerPortal = ABBD789E2739FCC0007791EB /* Project object */;
			proxyType = 1;
			remoteGlobalIDString = ABBD78A52739FCC0007791EB;
			remoteInfo = "Firebase-Login-Sample";
		};
/* End PBXContainerItemProxy section */

/* Begin PBXFileReference section */
		13262D8063EACEE91E621679 /* Pods-Firebase-Login-SampleTests.release.xcconfig */ = {isa = PBXFileReference; includeInIndex = 1; lastKnownFileType = text.xcconfig; name = "Pods-Firebase-Login-SampleTests.release.xcconfig"; path = "Target Support Files/Pods-Firebase-Login-SampleTests/Pods-Firebase-Login-SampleTests.release.xcconfig"; sourceTree = "<group>"; };
		34BC3CFD7F444E45C44B26F0 /* Pods_Firebase_Login_Sample_Firebase_Login_SampleUITests.framework */ = {isa = PBXFileReference; explicitFileType = wrapper.framework; includeInIndex = 0; path = Pods_Firebase_Login_Sample_Firebase_Login_SampleUITests.framework; sourceTree = BUILT_PRODUCTS_DIR; };
		3E2E68AF8C520E06094FD7B7 /* Pods-Firebase-Login-Sample.release.xcconfig */ = {isa = PBXFileReference; includeInIndex = 1; lastKnownFileType = text.xcconfig; name = "Pods-Firebase-Login-Sample.release.xcconfig"; path = "Target Support Files/Pods-Firebase-Login-Sample/Pods-Firebase-Login-Sample.release.xcconfig"; sourceTree = "<group>"; };
		615F41ADBF49723C6E04BF95 /* Pods_Firebase_Login_SampleTests.framework */ = {isa = PBXFileReference; explicitFileType = wrapper.framework; includeInIndex = 0; path = Pods_Firebase_Login_SampleTests.framework; sourceTree = BUILT_PRODUCTS_DIR; };
		781B13F522DDBA5FD3CD9FB4 /* Pods-Firebase-Login-Sample.debug.xcconfig */ = {isa = PBXFileReference; includeInIndex = 1; lastKnownFileType = text.xcconfig; name = "Pods-Firebase-Login-Sample.debug.xcconfig"; path = "Target Support Files/Pods-Firebase-Login-Sample/Pods-Firebase-Login-Sample.debug.xcconfig"; sourceTree = "<group>"; };
		93F34174E76119C68F93355D /* Pods-Firebase-Login-Sample-Firebase-Login-SampleUITests.release.xcconfig */ = {isa = PBXFileReference; includeInIndex = 1; lastKnownFileType = text.xcconfig; name = "Pods-Firebase-Login-Sample-Firebase-Login-SampleUITests.release.xcconfig"; path = "Target Support Files/Pods-Firebase-Login-Sample-Firebase-Login-SampleUITests/Pods-Firebase-Login-Sample-Firebase-Login-SampleUITests.release.xcconfig"; sourceTree = "<group>"; };
		AB1B1D802743937C000F8220 /* SignUpViewModel.swift */ = {isa = PBXFileReference; lastKnownFileType = sourcecode.swift; path = SignUpViewModel.swift; sourceTree = "<group>"; };
		AB1B1D8227452793000F8220 /* ResetingPasswordViewModel.swift */ = {isa = PBXFileReference; lastKnownFileType = sourcecode.swift; path = ResetingPasswordViewModel.swift; sourceTree = "<group>"; };
		AB6B85D2EED55AF466A8CEAB /* Pods_Firebase_Login_Sample.framework */ = {isa = PBXFileReference; explicitFileType = wrapper.framework; includeInIndex = 0; path = Pods_Firebase_Login_Sample.framework; sourceTree = BUILT_PRODUCTS_DIR; };
		AB872637273DF0360094544E /* LoginViewModel.swift */ = {isa = PBXFileReference; lastKnownFileType = sourcecode.swift; path = LoginViewModel.swift; sourceTree = "<group>"; };
		AB872678273E3F290094544E /* UserRepositoryProtocol.swift */ = {isa = PBXFileReference; lastKnownFileType = sourcecode.swift; path = UserRepositoryProtocol.swift; sourceTree = "<group>"; };
		AB9D9BAF116A1D0DFF1F8D5B /* Pods-Firebase-Login-Sample-Firebase-Login-SampleUITests.debug.xcconfig */ = {isa = PBXFileReference; includeInIndex = 1; lastKnownFileType = text.xcconfig; name = "Pods-Firebase-Login-Sample-Firebase-Login-SampleUITests.debug.xcconfig"; path = "Target Support Files/Pods-Firebase-Login-Sample-Firebase-Login-SampleUITests/Pods-Firebase-Login-Sample-Firebase-Login-SampleUITests.debug.xcconfig"; sourceTree = "<group>"; };
		ABBD78A62739FCC0007791EB /* Firebase-Login-Sample.app */ = {isa = PBXFileReference; explicitFileType = wrapper.application; includeInIndex = 0; path = "Firebase-Login-Sample.app"; sourceTree = BUILT_PRODUCTS_DIR; };
		ABBD78A92739FCC0007791EB /* AppDelegate.swift */ = {isa = PBXFileReference; lastKnownFileType = sourcecode.swift; path = AppDelegate.swift; sourceTree = "<group>"; };
		ABBD78AB2739FCC0007791EB /* SceneDelegate.swift */ = {isa = PBXFileReference; lastKnownFileType = sourcecode.swift; path = SceneDelegate.swift; sourceTree = "<group>"; };
		ABBD78B22739FCC2007791EB /* Assets.xcassets */ = {isa = PBXFileReference; lastKnownFileType = folder.assetcatalog; path = Assets.xcassets; sourceTree = "<group>"; };
		ABBD78B52739FCC2007791EB /* Base */ = {isa = PBXFileReference; lastKnownFileType = file.storyboard; name = Base; path = Base.lproj/LaunchScreen.storyboard; sourceTree = "<group>"; };
		ABBD78B72739FCC2007791EB /* Info.plist */ = {isa = PBXFileReference; lastKnownFileType = text.plist.xml; path = Info.plist; sourceTree = "<group>"; };
		ABBD78BC2739FCC2007791EB /* Firebase-Login-SampleTests.xctest */ = {isa = PBXFileReference; explicitFileType = wrapper.cfbundle; includeInIndex = 0; path = "Firebase-Login-SampleTests.xctest"; sourceTree = BUILT_PRODUCTS_DIR; };
		ABBD78C02739FCC2007791EB /* Firebase_Login_SampleTests.swift */ = {isa = PBXFileReference; lastKnownFileType = sourcecode.swift; path = Firebase_Login_SampleTests.swift; sourceTree = "<group>"; };
		ABBD78C62739FCC2007791EB /* Firebase-Login-SampleUITests.xctest */ = {isa = PBXFileReference; explicitFileType = wrapper.cfbundle; includeInIndex = 0; path = "Firebase-Login-SampleUITests.xctest"; sourceTree = BUILT_PRODUCTS_DIR; };
		ABBD78CA2739FCC2007791EB /* Firebase_Login_SampleUITests.swift */ = {isa = PBXFileReference; lastKnownFileType = sourcecode.swift; path = Firebase_Login_SampleUITests.swift; sourceTree = "<group>"; };
		ABBD78CC2739FCC2007791EB /* Firebase_Login_SampleUITestsLaunchTests.swift */ = {isa = PBXFileReference; lastKnownFileType = sourcecode.swift; path = Firebase_Login_SampleUITestsLaunchTests.swift; sourceTree = "<group>"; };
		ABBD78D92739FE22007791EB /* GoogleService-Info.plist */ = {isa = PBXFileReference; fileEncoding = 4; lastKnownFileType = text.plist.xml; path = "GoogleService-Info.plist"; sourceTree = "<group>"; };
		ABBD78EA273A00FC007791EB /* FirebaseUserDataStore.swift */ = {isa = PBXFileReference; fileEncoding = 4; lastKnownFileType = sourcecode.swift; path = FirebaseUserDataStore.swift; sourceTree = "<group>"; };
		ABBD78EC273A010A007791EB /* User.swift */ = {isa = PBXFileReference; fileEncoding = 4; lastKnownFileType = sourcecode.swift; path = User.swift; sourceTree = "<group>"; };
		ABBD78EE273A012A007791EB /* UserRepository.swift */ = {isa = PBXFileReference; fileEncoding = 4; lastKnownFileType = sourcecode.swift; path = UserRepository.swift; sourceTree = "<group>"; };
		ABBD78F0273A0135007791EB /* UserUseCase.swift */ = {isa = PBXFileReference; fileEncoding = 4; lastKnownFileType = sourcecode.swift; path = UserUseCase.swift; sourceTree = "<group>"; };
		ABBD78F4273A015A007791EB /* SignUpViewController.swift */ = {isa = PBXFileReference; fileEncoding = 4; lastKnownFileType = sourcecode.swift; path = SignUpViewController.swift; sourceTree = "<group>"; };
		ABBD78F5273A015A007791EB /* ResetingPasswordViewController.swift */ = {isa = PBXFileReference; fileEncoding = 4; lastKnownFileType = sourcecode.swift; path = ResetingPasswordViewController.swift; sourceTree = "<group>"; };
		ABBD78F6273A015A007791EB /* LoginAndSignUpViewController.swift */ = {isa = PBXFileReference; fileEncoding = 4; lastKnownFileType = sourcecode.swift; path = LoginAndSignUpViewController.swift; sourceTree = "<group>"; };
		ABBD78F7273A015A007791EB /* LoginViewController.swift */ = {isa = PBXFileReference; fileEncoding = 4; lastKnownFileType = sourcecode.swift; path = LoginViewController.swift; sourceTree = "<group>"; };
		ABBD78FA273A015A007791EB /* ResetingPassword.storyboard */ = {isa = PBXFileReference; fileEncoding = 4; lastKnownFileType = file.storyboard; path = ResetingPassword.storyboard; sourceTree = "<group>"; };
		ABBD78FB273A015A007791EB /* Login.storyboard */ = {isa = PBXFileReference; fileEncoding = 4; lastKnownFileType = file.storyboard; path = Login.storyboard; sourceTree = "<group>"; };
		ABBD78FC273A015A007791EB /* LoginAndSignUp.storyboard */ = {isa = PBXFileReference; fileEncoding = 4; lastKnownFileType = file.storyboard; path = LoginAndSignUp.storyboard; sourceTree = "<group>"; };
		ABBD78FD273A015A007791EB /* SignUp.storyboard */ = {isa = PBXFileReference; fileEncoding = 4; lastKnownFileType = file.storyboard; path = SignUp.storyboard; sourceTree = "<group>"; };
		ABBD7907273A01A1007791EB /* Top.storyboard */ = {isa = PBXFileReference; lastKnownFileType = file.storyboard; path = Top.storyboard; sourceTree = "<group>"; };
		ABBD790C273A01C8007791EB /* TopViewController.swift */ = {isa = PBXFileReference; lastKnownFileType = sourcecode.swift; path = TopViewController.swift; sourceTree = "<group>"; };
		ABBD7917273A035A007791EB /* UIColor+Extension.swift */ = {isa = PBXFileReference; fileEncoding = 4; lastKnownFileType = sourcecode.swift; path = "UIColor+Extension.swift"; sourceTree = "<group>"; };
		ABBD7919273A0382007791EB /* UIView+Extension.swift */ = {isa = PBXFileReference; fileEncoding = 4; lastKnownFileType = sourcecode.swift; path = "UIView+Extension.swift"; sourceTree = "<group>"; };
		ABBD7924273A0400007791EB /* CustomButton.swift */ = {isa = PBXFileReference; fileEncoding = 4; lastKnownFileType = sourcecode.swift; path = CustomButton.swift; sourceTree = "<group>"; };
		ABBD7932273A0400007791EB /* CustomTextField.swift */ = {isa = PBXFileReference; fileEncoding = 4; lastKnownFileType = sourcecode.swift; path = CustomTextField.swift; sourceTree = "<group>"; };
		ABBD795E273A04A9007791EB /* Indicator.swift */ = {isa = PBXFileReference; fileEncoding = 4; lastKnownFileType = sourcecode.swift; path = Indicator.swift; sourceTree = "<group>"; };
		ABBD795F273A04A9007791EB /* HUDIndicator.swift */ = {isa = PBXFileReference; fileEncoding = 4; lastKnownFileType = sourcecode.swift; path = HUDIndicator.swift; sourceTree = "<group>"; };
		ABBD796C273A080B007791EB /* CommunicationStatus.swift */ = {isa = PBXFileReference; fileEncoding = 4; lastKnownFileType = sourcecode.swift; path = CommunicationStatus.swift; sourceTree = "<group>"; };
		ABBD796E273A0831007791EB /* UIViewController+Extension.swift */ = {isa = PBXFileReference; lastKnownFileType = sourcecode.swift; path = "UIViewController+Extension.swift"; sourceTree = "<group>"; };
		ABBD7970273A08FF007791EB /* UIImage+Extension.swift */ = {isa = PBXFileReference; lastKnownFileType = sourcecode.swift; path = "UIImage+Extension.swift"; sourceTree = "<group>"; };
		ABBD7972273A0ADC007791EB /* UITextField+Extension.swift */ = {isa = PBXFileReference; fileEncoding = 4; lastKnownFileType = sourcecode.swift; path = "UITextField+Extension.swift"; sourceTree = "<group>"; };
		E59E3ECD23350FB2FD693C39 /* Pods-Firebase-Login-SampleTests.debug.xcconfig */ = {isa = PBXFileReference; includeInIndex = 1; lastKnownFileType = text.xcconfig; name = "Pods-Firebase-Login-SampleTests.debug.xcconfig"; path = "Target Support Files/Pods-Firebase-Login-SampleTests/Pods-Firebase-Login-SampleTests.debug.xcconfig"; sourceTree = "<group>"; };
/* End PBXFileReference section */

/* Begin PBXFrameworksBuildPhase section */
		ABBD78A32739FCC0007791EB /* Frameworks */ = {
			isa = PBXFrameworksBuildPhase;
			buildActionMask = 2147483647;
			files = (
				77083B2E38397B945F694B25 /* Pods_Firebase_Login_Sample.framework in Frameworks */,
			);
			runOnlyForDeploymentPostprocessing = 0;
		};
		ABBD78B92739FCC2007791EB /* Frameworks */ = {
			isa = PBXFrameworksBuildPhase;
			buildActionMask = 2147483647;
			files = (
				DC8074C3CBB2E9956119505B /* Pods_Firebase_Login_SampleTests.framework in Frameworks */,
			);
			runOnlyForDeploymentPostprocessing = 0;
		};
		ABBD78C32739FCC2007791EB /* Frameworks */ = {
			isa = PBXFrameworksBuildPhase;
			buildActionMask = 2147483647;
			files = (
				465A26DB0A71A775EC533220 /* Pods_Firebase_Login_Sample_Firebase_Login_SampleUITests.framework in Frameworks */,
			);
			runOnlyForDeploymentPostprocessing = 0;
		};
/* End PBXFrameworksBuildPhase section */

/* Begin PBXGroup section */
		0E9098B5EA768296671748EF /* Frameworks */ = {
			isa = PBXGroup;
			children = (
				AB6B85D2EED55AF466A8CEAB /* Pods_Firebase_Login_Sample.framework */,
				34BC3CFD7F444E45C44B26F0 /* Pods_Firebase_Login_Sample_Firebase_Login_SampleUITests.framework */,
				615F41ADBF49723C6E04BF95 /* Pods_Firebase_Login_SampleTests.framework */,
			);
			name = Frameworks;
			sourceTree = "<group>";
		};
		975E60270646031E3BC35FD0 /* Pods */ = {
			isa = PBXGroup;
			children = (
				781B13F522DDBA5FD3CD9FB4 /* Pods-Firebase-Login-Sample.debug.xcconfig */,
				3E2E68AF8C520E06094FD7B7 /* Pods-Firebase-Login-Sample.release.xcconfig */,
				AB9D9BAF116A1D0DFF1F8D5B /* Pods-Firebase-Login-Sample-Firebase-Login-SampleUITests.debug.xcconfig */,
				93F34174E76119C68F93355D /* Pods-Firebase-Login-Sample-Firebase-Login-SampleUITests.release.xcconfig */,
				E59E3ECD23350FB2FD693C39 /* Pods-Firebase-Login-SampleTests.debug.xcconfig */,
				13262D8063EACEE91E621679 /* Pods-Firebase-Login-SampleTests.release.xcconfig */,
			);
			path = Pods;
			sourceTree = "<group>";
		};
		AB872636273DF02B0094544E /* ViewModels */ = {
			isa = PBXGroup;
			children = (
				AB872637273DF0360094544E /* LoginViewModel.swift */,
				AB1B1D802743937C000F8220 /* SignUpViewModel.swift */,
				AB1B1D8227452793000F8220 /* ResetingPasswordViewModel.swift */,
			);
			path = ViewModels;
			sourceTree = "<group>";
		};
		AB872677273E3F1F0094544E /* Interfaces */ = {
			isa = PBXGroup;
			children = (
				AB872678273E3F290094544E /* UserRepositoryProtocol.swift */,
			);
			path = Interfaces;
			sourceTree = "<group>";
		};
		ABBD789D2739FCC0007791EB = {
			isa = PBXGroup;
			children = (
				ABBD78A82739FCC0007791EB /* Firebase-Login-Sample */,
				ABBD78BF2739FCC2007791EB /* Firebase-Login-SampleTests */,
				ABBD78C92739FCC2007791EB /* Firebase-Login-SampleUITests */,
				ABBD78A72739FCC0007791EB /* Products */,
				975E60270646031E3BC35FD0 /* Pods */,
				0E9098B5EA768296671748EF /* Frameworks */,
			);
			sourceTree = "<group>";
		};
		ABBD78A72739FCC0007791EB /* Products */ = {
			isa = PBXGroup;
			children = (
				ABBD78A62739FCC0007791EB /* Firebase-Login-Sample.app */,
				ABBD78BC2739FCC2007791EB /* Firebase-Login-SampleTests.xctest */,
				ABBD78C62739FCC2007791EB /* Firebase-Login-SampleUITests.xctest */,
			);
			name = Products;
			sourceTree = "<group>";
		};
		ABBD78A82739FCC0007791EB /* Firebase-Login-Sample */ = {
			isa = PBXGroup;
			children = (
				ABBD78DD2739FF03007791EB /* Data */,
				ABBD78DE2739FF08007791EB /* Domain */,
				ABBD78DB2739FEF6007791EB /* Presentation */,
				ABBD78E02739FF14007791EB /* Extensions */,
				ABBD78DF2739FF0D007791EB /* Application */,
				ABBD78DC2739FEFD007791EB /* Resources */,
			);
			path = "Firebase-Login-Sample";
			sourceTree = "<group>";
		};
		ABBD78BF2739FCC2007791EB /* Firebase-Login-SampleTests */ = {
			isa = PBXGroup;
			children = (
				ABBD78C02739FCC2007791EB /* Firebase_Login_SampleTests.swift */,
			);
			path = "Firebase-Login-SampleTests";
			sourceTree = "<group>";
		};
		ABBD78C92739FCC2007791EB /* Firebase-Login-SampleUITests */ = {
			isa = PBXGroup;
			children = (
				ABBD78CA2739FCC2007791EB /* Firebase_Login_SampleUITests.swift */,
				ABBD78CC2739FCC2007791EB /* Firebase_Login_SampleUITestsLaunchTests.swift */,
			);
			path = "Firebase-Login-SampleUITests";
			sourceTree = "<group>";
		};
		ABBD78DB2739FEF6007791EB /* Presentation */ = {
			isa = PBXGroup;
			children = (
				ABBD791B273A0400007791EB /* CustomViews */,
				ABBD795D273A0498007791EB /* Utilities */,
				ABBD78E72739FFD9007791EB /* LaunchScreen */,
				ABBD7906273A0197007791EB /* Top */,
				ABBD78F2273A015A007791EB /* LoginAndSignUp */,
			);
			path = Presentation;
			sourceTree = "<group>";
		};
		ABBD78DC2739FEFD007791EB /* Resources */ = {
			isa = PBXGroup;
			children = (
				ABBD78B22739FCC2007791EB /* Assets.xcassets */,
				ABBD78B72739FCC2007791EB /* Info.plist */,
				ABBD78D92739FE22007791EB /* GoogleService-Info.plist */,
			);
			path = Resources;
			sourceTree = "<group>";
		};
		ABBD78DD2739FF03007791EB /* Data */ = {
			isa = PBXGroup;
			children = (
				ABBD78E52739FFB6007791EB /* Entities */,
				ABBD78E42739FFB1007791EB /* DataStores */,
				ABBD78E22739FF99007791EB /* Repositories */,
			);
			path = Data;
			sourceTree = "<group>";
		};
		ABBD78DE2739FF08007791EB /* Domain */ = {
			isa = PBXGroup;
			children = (
				AB872677273E3F1F0094544E /* Interfaces */,
				ABBD78E32739FF9F007791EB /* UseCases */,
			);
			path = Domain;
			sourceTree = "<group>";
		};
		ABBD78DF2739FF0D007791EB /* Application */ = {
			isa = PBXGroup;
			children = (
				ABBD78A92739FCC0007791EB /* AppDelegate.swift */,
				ABBD78AB2739FCC0007791EB /* SceneDelegate.swift */,
			);
			path = Application;
			sourceTree = "<group>";
		};
		ABBD78E02739FF14007791EB /* Extensions */ = {
			isa = PBXGroup;
			children = (
				ABBD796E273A0831007791EB /* UIViewController+Extension.swift */,
				ABBD7917273A035A007791EB /* UIColor+Extension.swift */,
				ABBD7919273A0382007791EB /* UIView+Extension.swift */,
				ABBD7972273A0ADC007791EB /* UITextField+Extension.swift */,
				ABBD7970273A08FF007791EB /* UIImage+Extension.swift */,
			);
			path = Extensions;
			sourceTree = "<group>";
		};
		ABBD78E22739FF99007791EB /* Repositories */ = {
			isa = PBXGroup;
			children = (
				ABBD78EE273A012A007791EB /* UserRepository.swift */,
			);
			path = Repositories;
			sourceTree = "<group>";
		};
		ABBD78E32739FF9F007791EB /* UseCases */ = {
			isa = PBXGroup;
			children = (
				ABBD78F0273A0135007791EB /* UserUseCase.swift */,
			);
			path = UseCases;
			sourceTree = "<group>";
		};
		ABBD78E42739FFB1007791EB /* DataStores */ = {
			isa = PBXGroup;
			children = (
				ABBD78EA273A00FC007791EB /* FirebaseUserDataStore.swift */,
			);
			path = DataStores;
			sourceTree = "<group>";
		};
		ABBD78E52739FFB6007791EB /* Entities */ = {
			isa = PBXGroup;
			children = (
				ABBD78EC273A010A007791EB /* User.swift */,
			);
			path = Entities;
			sourceTree = "<group>";
		};
		ABBD78E72739FFD9007791EB /* LaunchScreen */ = {
			isa = PBXGroup;
			children = (
				ABBD78B42739FCC2007791EB /* LaunchScreen.storyboard */,
			);
			path = LaunchScreen;
			sourceTree = "<group>";
		};
		ABBD78F2273A015A007791EB /* LoginAndSignUp */ = {
			isa = PBXGroup;
			children = (
				AB872636273DF02B0094544E /* ViewModels */,
				ABBD78F3273A015A007791EB /* Controllers */,
				ABBD78F8273A015A007791EB /* Views */,
			);
			path = LoginAndSignUp;
			sourceTree = "<group>";
		};
		ABBD78F3273A015A007791EB /* Controllers */ = {
			isa = PBXGroup;
			children = (
				ABBD78F6273A015A007791EB /* LoginAndSignUpViewController.swift */,
				ABBD78F7273A015A007791EB /* LoginViewController.swift */,
				ABBD78F4273A015A007791EB /* SignUpViewController.swift */,
				ABBD78F5273A015A007791EB /* ResetingPasswordViewController.swift */,
			);
			path = Controllers;
			sourceTree = "<group>";
		};
		ABBD78F8273A015A007791EB /* Views */ = {
			isa = PBXGroup;
			children = (
				ABBD78F9273A015A007791EB /* Storyboards */,
			);
			path = Views;
			sourceTree = "<group>";
		};
		ABBD78F9273A015A007791EB /* Storyboards */ = {
			isa = PBXGroup;
			children = (
				ABBD78FC273A015A007791EB /* LoginAndSignUp.storyboard */,
				ABBD78FB273A015A007791EB /* Login.storyboard */,
				ABBD78FD273A015A007791EB /* SignUp.storyboard */,
				ABBD78FA273A015A007791EB /* ResetingPassword.storyboard */,
			);
			path = Storyboards;
			sourceTree = "<group>";
		};
		ABBD7906273A0197007791EB /* Top */ = {
			isa = PBXGroup;
			children = (
				ABBD790A273A01AE007791EB /* Views */,
			);
			path = Top;
			sourceTree = "<group>";
		};
		ABBD7909273A01A9007791EB /* Controllers */ = {
			isa = PBXGroup;
			children = (
				ABBD790C273A01C8007791EB /* TopViewController.swift */,
			);
			path = Controllers;
			sourceTree = "<group>";
		};
		ABBD790A273A01AE007791EB /* Views */ = {
			isa = PBXGroup;
			children = (
				ABBD7909273A01A9007791EB /* Controllers */,
				ABBD790B273A01BA007791EB /* Storyboards */,
			);
			path = Views;
			sourceTree = "<group>";
		};
		ABBD790B273A01BA007791EB /* Storyboards */ = {
			isa = PBXGroup;
			children = (
				ABBD7907273A01A1007791EB /* Top.storyboard */,
			);
			path = Storyboards;
			sourceTree = "<group>";
		};
		ABBD791B273A0400007791EB /* CustomViews */ = {
			isa = PBXGroup;
			children = (
				ABBD7924273A0400007791EB /* CustomButton.swift */,
				ABBD7932273A0400007791EB /* CustomTextField.swift */,
			);
			path = CustomViews;
			sourceTree = "<group>";
		};
		ABBD795D273A0498007791EB /* Utilities */ = {
			isa = PBXGroup;
			children = (
				ABBD796C273A080B007791EB /* CommunicationStatus.swift */,
				ABBD795F273A04A9007791EB /* HUDIndicator.swift */,
				ABBD795E273A04A9007791EB /* Indicator.swift */,
			);
			path = Utilities;
			sourceTree = "<group>";
		};
/* End PBXGroup section */

/* Begin PBXNativeTarget section */
		ABBD78A52739FCC0007791EB /* Firebase-Login-Sample */ = {
			isa = PBXNativeTarget;
			buildConfigurationList = ABBD78D02739FCC2007791EB /* Build configuration list for PBXNativeTarget "Firebase-Login-Sample" */;
			buildPhases = (
				1F7171A79D060D8F79FA8B1F /* [CP] Check Pods Manifest.lock */,
				ABBD78A22739FCC0007791EB /* Sources */,
				ABBD78A32739FCC0007791EB /* Frameworks */,
				ABBD78A42739FCC0007791EB /* Resources */,
				6C45DD8C35893AEC9B62B085 /* [CP] Embed Pods Frameworks */,
				AB1B1D432740EF20000F8220 /* ShellScript */,
			);
			buildRules = (
			);
			dependencies = (
			);
			name = "Firebase-Login-Sample";
			productName = "Firebase-Login-Sample";
			productReference = ABBD78A62739FCC0007791EB /* Firebase-Login-Sample.app */;
			productType = "com.apple.product-type.application";
		};
		ABBD78BB2739FCC2007791EB /* Firebase-Login-SampleTests */ = {
			isa = PBXNativeTarget;
			buildConfigurationList = ABBD78D32739FCC2007791EB /* Build configuration list for PBXNativeTarget "Firebase-Login-SampleTests" */;
			buildPhases = (
				FAD03260EC162BC858C77BD0 /* [CP] Check Pods Manifest.lock */,
				ABBD78B82739FCC2007791EB /* Sources */,
				ABBD78B92739FCC2007791EB /* Frameworks */,
				ABBD78BA2739FCC2007791EB /* Resources */,
			);
			buildRules = (
			);
			dependencies = (
				ABBD78BE2739FCC2007791EB /* PBXTargetDependency */,
			);
			name = "Firebase-Login-SampleTests";
			productName = "Firebase-Login-SampleTests";
			productReference = ABBD78BC2739FCC2007791EB /* Firebase-Login-SampleTests.xctest */;
			productType = "com.apple.product-type.bundle.unit-test";
		};
		ABBD78C52739FCC2007791EB /* Firebase-Login-SampleUITests */ = {
			isa = PBXNativeTarget;
			buildConfigurationList = ABBD78D62739FCC2007791EB /* Build configuration list for PBXNativeTarget "Firebase-Login-SampleUITests" */;
			buildPhases = (
				3E3D35779F7FC65AFDA2B5F4 /* [CP] Check Pods Manifest.lock */,
				ABBD78C22739FCC2007791EB /* Sources */,
				ABBD78C32739FCC2007791EB /* Frameworks */,
				ABBD78C42739FCC2007791EB /* Resources */,
				BCC6DC199F6C5D3A9F7331CC /* [CP] Embed Pods Frameworks */,
			);
			buildRules = (
			);
			dependencies = (
				ABBD78C82739FCC2007791EB /* PBXTargetDependency */,
			);
			name = "Firebase-Login-SampleUITests";
			productName = "Firebase-Login-SampleUITests";
			productReference = ABBD78C62739FCC2007791EB /* Firebase-Login-SampleUITests.xctest */;
			productType = "com.apple.product-type.bundle.ui-testing";
		};
/* End PBXNativeTarget section */

/* Begin PBXProject section */
		ABBD789E2739FCC0007791EB /* Project object */ = {
			isa = PBXProject;
			attributes = {
				BuildIndependentTargetsInParallel = 1;
				LastSwiftUpdateCheck = 1310;
				LastUpgradeCheck = 1310;
				TargetAttributes = {
					ABBD78A52739FCC0007791EB = {
						CreatedOnToolsVersion = 13.1;
					};
					ABBD78BB2739FCC2007791EB = {
						CreatedOnToolsVersion = 13.1;
						TestTargetID = ABBD78A52739FCC0007791EB;
					};
					ABBD78C52739FCC2007791EB = {
						CreatedOnToolsVersion = 13.1;
						TestTargetID = ABBD78A52739FCC0007791EB;
					};
				};
			};
			buildConfigurationList = ABBD78A12739FCC0007791EB /* Build configuration list for PBXProject "Firebase-Login-Sample" */;
			compatibilityVersion = "Xcode 13.0";
			developmentRegion = en;
			hasScannedForEncodings = 0;
			knownRegions = (
				en,
				Base,
			);
			mainGroup = ABBD789D2739FCC0007791EB;
			productRefGroup = ABBD78A72739FCC0007791EB /* Products */;
			projectDirPath = "";
			projectRoot = "";
			targets = (
				ABBD78A52739FCC0007791EB /* Firebase-Login-Sample */,
				ABBD78BB2739FCC2007791EB /* Firebase-Login-SampleTests */,
				ABBD78C52739FCC2007791EB /* Firebase-Login-SampleUITests */,
			);
		};
/* End PBXProject section */

/* Begin PBXResourcesBuildPhase section */
		ABBD78A42739FCC0007791EB /* Resources */ = {
			isa = PBXResourcesBuildPhase;
			buildActionMask = 2147483647;
			files = (
				ABBD7908273A01A1007791EB /* Top.storyboard in Resources */,
				ABBD7904273A015B007791EB /* LoginAndSignUp.storyboard in Resources */,
				ABBD78B62739FCC2007791EB /* LaunchScreen.storyboard in Resources */,
				ABBD78DA2739FE22007791EB /* GoogleService-Info.plist in Resources */,
				ABBD7905273A015B007791EB /* SignUp.storyboard in Resources */,
				ABBD7902273A015B007791EB /* ResetingPassword.storyboard in Resources */,
				ABBD7903273A015B007791EB /* Login.storyboard in Resources */,
				ABBD78B32739FCC2007791EB /* Assets.xcassets in Resources */,
			);
			runOnlyForDeploymentPostprocessing = 0;
		};
		ABBD78BA2739FCC2007791EB /* Resources */ = {
			isa = PBXResourcesBuildPhase;
			buildActionMask = 2147483647;
			files = (
			);
			runOnlyForDeploymentPostprocessing = 0;
		};
		ABBD78C42739FCC2007791EB /* Resources */ = {
			isa = PBXResourcesBuildPhase;
			buildActionMask = 2147483647;
			files = (
			);
			runOnlyForDeploymentPostprocessing = 0;
		};
/* End PBXResourcesBuildPhase section */

/* Begin PBXShellScriptBuildPhase section */
		1F7171A79D060D8F79FA8B1F /* [CP] Check Pods Manifest.lock */ = {
			isa = PBXShellScriptBuildPhase;
			buildActionMask = 2147483647;
			files = (
			);
			inputFileListPaths = (
			);
			inputPaths = (
				"${PODS_PODFILE_DIR_PATH}/Podfile.lock",
				"${PODS_ROOT}/Manifest.lock",
			);
			name = "[CP] Check Pods Manifest.lock";
			outputFileListPaths = (
			);
			outputPaths = (
				"$(DERIVED_FILE_DIR)/Pods-Firebase-Login-Sample-checkManifestLockResult.txt",
			);
			runOnlyForDeploymentPostprocessing = 0;
			shellPath = /bin/sh;
			shellScript = "diff \"${PODS_PODFILE_DIR_PATH}/Podfile.lock\" \"${PODS_ROOT}/Manifest.lock\" > /dev/null\nif [ $? != 0 ] ; then\n    # print error to STDERR\n    echo \"error: The sandbox is not in sync with the Podfile.lock. Run 'pod install' or update your CocoaPods installation.\" >&2\n    exit 1\nfi\n# This output is used by Xcode 'outputs' to avoid re-running this script phase.\necho \"SUCCESS\" > \"${SCRIPT_OUTPUT_FILE_0}\"\n";
			showEnvVarsInLog = 0;
		};
		3E3D35779F7FC65AFDA2B5F4 /* [CP] Check Pods Manifest.lock */ = {
			isa = PBXShellScriptBuildPhase;
			buildActionMask = 2147483647;
			files = (
			);
			inputFileListPaths = (
			);
			inputPaths = (
				"${PODS_PODFILE_DIR_PATH}/Podfile.lock",
				"${PODS_ROOT}/Manifest.lock",
			);
			name = "[CP] Check Pods Manifest.lock";
			outputFileListPaths = (
			);
			outputPaths = (
				"$(DERIVED_FILE_DIR)/Pods-Firebase-Login-Sample-Firebase-Login-SampleUITests-checkManifestLockResult.txt",
			);
			runOnlyForDeploymentPostprocessing = 0;
			shellPath = /bin/sh;
			shellScript = "diff \"${PODS_PODFILE_DIR_PATH}/Podfile.lock\" \"${PODS_ROOT}/Manifest.lock\" > /dev/null\nif [ $? != 0 ] ; then\n    # print error to STDERR\n    echo \"error: The sandbox is not in sync with the Podfile.lock. Run 'pod install' or update your CocoaPods installation.\" >&2\n    exit 1\nfi\n# This output is used by Xcode 'outputs' to avoid re-running this script phase.\necho \"SUCCESS\" > \"${SCRIPT_OUTPUT_FILE_0}\"\n";
			showEnvVarsInLog = 0;
		};
		6C45DD8C35893AEC9B62B085 /* [CP] Embed Pods Frameworks */ = {
			isa = PBXShellScriptBuildPhase;
			buildActionMask = 2147483647;
			files = (
			);
			inputFileListPaths = (
				"${PODS_ROOT}/Target Support Files/Pods-Firebase-Login-Sample/Pods-Firebase-Login-Sample-frameworks-${CONFIGURATION}-input-files.xcfilelist",
			);
			name = "[CP] Embed Pods Frameworks";
			outputFileListPaths = (
				"${PODS_ROOT}/Target Support Files/Pods-Firebase-Login-Sample/Pods-Firebase-Login-Sample-frameworks-${CONFIGURATION}-output-files.xcfilelist",
			);
			runOnlyForDeploymentPostprocessing = 0;
			shellPath = /bin/sh;
			shellScript = "\"${PODS_ROOT}/Target Support Files/Pods-Firebase-Login-Sample/Pods-Firebase-Login-Sample-frameworks.sh\"\n";
			showEnvVarsInLog = 0;
		};
		AB1B1D432740EF20000F8220 /* ShellScript */ = {
			isa = PBXShellScriptBuildPhase;
			buildActionMask = 2147483647;
			files = (
			);
			inputFileListPaths = (
			);
			inputPaths = (
			);
			outputFileListPaths = (
			);
			outputPaths = (
			);
			runOnlyForDeploymentPostprocessing = 0;
			shellPath = /bin/sh;
			shellScript = "# Type a script or drag a script file from your workspace to insert its path.\n\"${PODS_ROOT}/SwiftFormat/CommandLineTool/swiftformat\" \"$SRCROOT\"\n";
		};
		BCC6DC199F6C5D3A9F7331CC /* [CP] Embed Pods Frameworks */ = {
			isa = PBXShellScriptBuildPhase;
			buildActionMask = 2147483647;
			files = (
			);
			inputFileListPaths = (
				"${PODS_ROOT}/Target Support Files/Pods-Firebase-Login-Sample-Firebase-Login-SampleUITests/Pods-Firebase-Login-Sample-Firebase-Login-SampleUITests-frameworks-${CONFIGURATION}-input-files.xcfilelist",
			);
			name = "[CP] Embed Pods Frameworks";
			outputFileListPaths = (
				"${PODS_ROOT}/Target Support Files/Pods-Firebase-Login-Sample-Firebase-Login-SampleUITests/Pods-Firebase-Login-Sample-Firebase-Login-SampleUITests-frameworks-${CONFIGURATION}-output-files.xcfilelist",
			);
			runOnlyForDeploymentPostprocessing = 0;
			shellPath = /bin/sh;
			shellScript = "\"${PODS_ROOT}/Target Support Files/Pods-Firebase-Login-Sample-Firebase-Login-SampleUITests/Pods-Firebase-Login-Sample-Firebase-Login-SampleUITests-frameworks.sh\"\n";
			showEnvVarsInLog = 0;
		};
		FAD03260EC162BC858C77BD0 /* [CP] Check Pods Manifest.lock */ = {
			isa = PBXShellScriptBuildPhase;
			buildActionMask = 2147483647;
			files = (
			);
			inputFileListPaths = (
			);
			inputPaths = (
				"${PODS_PODFILE_DIR_PATH}/Podfile.lock",
				"${PODS_ROOT}/Manifest.lock",
			);
			name = "[CP] Check Pods Manifest.lock";
			outputFileListPaths = (
			);
			outputPaths = (
				"$(DERIVED_FILE_DIR)/Pods-Firebase-Login-SampleTests-checkManifestLockResult.txt",
			);
			runOnlyForDeploymentPostprocessing = 0;
			shellPath = /bin/sh;
			shellScript = "diff \"${PODS_PODFILE_DIR_PATH}/Podfile.lock\" \"${PODS_ROOT}/Manifest.lock\" > /dev/null\nif [ $? != 0 ] ; then\n    # print error to STDERR\n    echo \"error: The sandbox is not in sync with the Podfile.lock. Run 'pod install' or update your CocoaPods installation.\" >&2\n    exit 1\nfi\n# This output is used by Xcode 'outputs' to avoid re-running this script phase.\necho \"SUCCESS\" > \"${SCRIPT_OUTPUT_FILE_0}\"\n";
			showEnvVarsInLog = 0;
		};
/* End PBXShellScriptBuildPhase section */

/* Begin PBXSourcesBuildPhase section */
		ABBD78A22739FCC0007791EB /* Sources */ = {
			isa = PBXSourcesBuildPhase;
			buildActionMask = 2147483647;
			files = (
				ABBD78ED273A010A007791EB /* User.swift in Sources */,
				ABBD7945273A0401007791EB /* CustomButton.swift in Sources */,
				AB872638273DF0360094544E /* LoginViewModel.swift in Sources */,
				ABBD7952273A0401007791EB /* CustomTextField.swift in Sources */,
				ABBD791A273A0382007791EB /* UIView+Extension.swift in Sources */,
				ABBD78FE273A015A007791EB /* SignUpViewController.swift in Sources */,
				ABBD7960273A04A9007791EB /* Indicator.swift in Sources */,
				ABBD790D273A01C8007791EB /* TopViewController.swift in Sources */,
				ABBD796F273A0831007791EB /* UIViewController+Extension.swift in Sources */,
				ABBD7918273A035A007791EB /* UIColor+Extension.swift in Sources */,
				AB1B1D812743937C000F8220 /* SignUpViewModel.swift in Sources */,
				ABBD7973273A0ADC007791EB /* UITextField+Extension.swift in Sources */,
				ABBD78FF273A015B007791EB /* ResetingPasswordViewController.swift in Sources */,
				ABBD78AA2739FCC0007791EB /* AppDelegate.swift in Sources */,
				ABBD7961273A04A9007791EB /* HUDIndicator.swift in Sources */,
				ABBD78F1273A0135007791EB /* UserUseCase.swift in Sources */,
				ABBD796D273A080B007791EB /* CommunicationStatus.swift in Sources */,
				AB1B1D8327452793000F8220 /* ResetingPasswordViewModel.swift in Sources */,
				ABBD7971273A08FF007791EB /* UIImage+Extension.swift in Sources */,
				ABBD7900273A015B007791EB /* LoginAndSignUpViewController.swift in Sources */,
				ABBD78AC2739FCC0007791EB /* SceneDelegate.swift in Sources */,
				AB872679273E3F290094544E /* UserRepositoryProtocol.swift in Sources */,
				ABBD78EF273A012A007791EB /* UserRepository.swift in Sources */,
				ABBD7901273A015B007791EB /* LoginViewController.swift in Sources */,
				ABBD78EB273A00FC007791EB /* FirebaseUserDataStore.swift in Sources */,
			);
			runOnlyForDeploymentPostprocessing = 0;
		};
		ABBD78B82739FCC2007791EB /* Sources */ = {
			isa = PBXSourcesBuildPhase;
			buildActionMask = 2147483647;
			files = (
				ABBD78C12739FCC2007791EB /* Firebase_Login_SampleTests.swift in Sources */,
			);
			runOnlyForDeploymentPostprocessing = 0;
		};
		ABBD78C22739FCC2007791EB /* Sources */ = {
			isa = PBXSourcesBuildPhase;
			buildActionMask = 2147483647;
			files = (
				ABBD78CB2739FCC2007791EB /* Firebase_Login_SampleUITests.swift in Sources */,
				ABBD78CD2739FCC2007791EB /* Firebase_Login_SampleUITestsLaunchTests.swift in Sources */,
			);
			runOnlyForDeploymentPostprocessing = 0;
		};
/* End PBXSourcesBuildPhase section */

/* Begin PBXTargetDependency section */
		ABBD78BE2739FCC2007791EB /* PBXTargetDependency */ = {
			isa = PBXTargetDependency;
			target = ABBD78A52739FCC0007791EB /* Firebase-Login-Sample */;
			targetProxy = ABBD78BD2739FCC2007791EB /* PBXContainerItemProxy */;
		};
		ABBD78C82739FCC2007791EB /* PBXTargetDependency */ = {
			isa = PBXTargetDependency;
			target = ABBD78A52739FCC0007791EB /* Firebase-Login-Sample */;
			targetProxy = ABBD78C72739FCC2007791EB /* PBXContainerItemProxy */;
		};
/* End PBXTargetDependency section */

/* Begin PBXVariantGroup section */
		ABBD78B42739FCC2007791EB /* LaunchScreen.storyboard */ = {
			isa = PBXVariantGroup;
			children = (
				ABBD78B52739FCC2007791EB /* Base */,
			);
			name = LaunchScreen.storyboard;
			sourceTree = "<group>";
		};
/* End PBXVariantGroup section */

/* Begin XCBuildConfiguration section */
		ABBD78CE2739FCC2007791EB /* Debug */ = {
			isa = XCBuildConfiguration;
			buildSettings = {
				ALWAYS_SEARCH_USER_PATHS = NO;
				CLANG_ANALYZER_NONNULL = YES;
				CLANG_ANALYZER_NUMBER_OBJECT_CONVERSION = YES_AGGRESSIVE;
				CLANG_CXX_LANGUAGE_STANDARD = "gnu++17";
				CLANG_CXX_LIBRARY = "libc++";
				CLANG_ENABLE_MODULES = YES;
				CLANG_ENABLE_OBJC_ARC = YES;
				CLANG_ENABLE_OBJC_WEAK = YES;
				CLANG_WARN_BLOCK_CAPTURE_AUTORELEASING = YES;
				CLANG_WARN_BOOL_CONVERSION = YES;
				CLANG_WARN_COMMA = YES;
				CLANG_WARN_CONSTANT_CONVERSION = YES;
				CLANG_WARN_DEPRECATED_OBJC_IMPLEMENTATIONS = YES;
				CLANG_WARN_DIRECT_OBJC_ISA_USAGE = YES_ERROR;
				CLANG_WARN_DOCUMENTATION_COMMENTS = YES;
				CLANG_WARN_EMPTY_BODY = YES;
				CLANG_WARN_ENUM_CONVERSION = YES;
				CLANG_WARN_INFINITE_RECURSION = YES;
				CLANG_WARN_INT_CONVERSION = YES;
				CLANG_WARN_NON_LITERAL_NULL_CONVERSION = YES;
				CLANG_WARN_OBJC_IMPLICIT_RETAIN_SELF = YES;
				CLANG_WARN_OBJC_LITERAL_CONVERSION = YES;
				CLANG_WARN_OBJC_ROOT_CLASS = YES_ERROR;
				CLANG_WARN_QUOTED_INCLUDE_IN_FRAMEWORK_HEADER = YES;
				CLANG_WARN_RANGE_LOOP_ANALYSIS = YES;
				CLANG_WARN_STRICT_PROTOTYPES = YES;
				CLANG_WARN_SUSPICIOUS_MOVE = YES;
				CLANG_WARN_UNGUARDED_AVAILABILITY = YES_AGGRESSIVE;
				CLANG_WARN_UNREACHABLE_CODE = YES;
				CLANG_WARN__DUPLICATE_METHOD_MATCH = YES;
				COPY_PHASE_STRIP = NO;
				DEBUG_INFORMATION_FORMAT = dwarf;
				ENABLE_STRICT_OBJC_MSGSEND = YES;
				ENABLE_TESTABILITY = YES;
				GCC_C_LANGUAGE_STANDARD = gnu11;
				GCC_DYNAMIC_NO_PIC = NO;
				GCC_NO_COMMON_BLOCKS = YES;
				GCC_OPTIMIZATION_LEVEL = 0;
				GCC_PREPROCESSOR_DEFINITIONS = (
					"DEBUG=1",
					"$(inherited)",
				);
				GCC_WARN_64_TO_32_BIT_CONVERSION = YES;
				GCC_WARN_ABOUT_RETURN_TYPE = YES_ERROR;
				GCC_WARN_UNDECLARED_SELECTOR = YES;
				GCC_WARN_UNINITIALIZED_AUTOS = YES_AGGRESSIVE;
				GCC_WARN_UNUSED_FUNCTION = YES;
				GCC_WARN_UNUSED_VARIABLE = YES;
				IPHONEOS_DEPLOYMENT_TARGET = 15.0;
				MTL_ENABLE_DEBUG_INFO = INCLUDE_SOURCE;
				MTL_FAST_MATH = YES;
				ONLY_ACTIVE_ARCH = YES;
				SDKROOT = iphoneos;
				SWIFT_ACTIVE_COMPILATION_CONDITIONS = DEBUG;
				SWIFT_OPTIMIZATION_LEVEL = "-Onone";
			};
			name = Debug;
		};
		ABBD78CF2739FCC2007791EB /* Release */ = {
			isa = XCBuildConfiguration;
			buildSettings = {
				ALWAYS_SEARCH_USER_PATHS = NO;
				CLANG_ANALYZER_NONNULL = YES;
				CLANG_ANALYZER_NUMBER_OBJECT_CONVERSION = YES_AGGRESSIVE;
				CLANG_CXX_LANGUAGE_STANDARD = "gnu++17";
				CLANG_CXX_LIBRARY = "libc++";
				CLANG_ENABLE_MODULES = YES;
				CLANG_ENABLE_OBJC_ARC = YES;
				CLANG_ENABLE_OBJC_WEAK = YES;
				CLANG_WARN_BLOCK_CAPTURE_AUTORELEASING = YES;
				CLANG_WARN_BOOL_CONVERSION = YES;
				CLANG_WARN_COMMA = YES;
				CLANG_WARN_CONSTANT_CONVERSION = YES;
				CLANG_WARN_DEPRECATED_OBJC_IMPLEMENTATIONS = YES;
				CLANG_WARN_DIRECT_OBJC_ISA_USAGE = YES_ERROR;
				CLANG_WARN_DOCUMENTATION_COMMENTS = YES;
				CLANG_WARN_EMPTY_BODY = YES;
				CLANG_WARN_ENUM_CONVERSION = YES;
				CLANG_WARN_INFINITE_RECURSION = YES;
				CLANG_WARN_INT_CONVERSION = YES;
				CLANG_WARN_NON_LITERAL_NULL_CONVERSION = YES;
				CLANG_WARN_OBJC_IMPLICIT_RETAIN_SELF = YES;
				CLANG_WARN_OBJC_LITERAL_CONVERSION = YES;
				CLANG_WARN_OBJC_ROOT_CLASS = YES_ERROR;
				CLANG_WARN_QUOTED_INCLUDE_IN_FRAMEWORK_HEADER = YES;
				CLANG_WARN_RANGE_LOOP_ANALYSIS = YES;
				CLANG_WARN_STRICT_PROTOTYPES = YES;
				CLANG_WARN_SUSPICIOUS_MOVE = YES;
				CLANG_WARN_UNGUARDED_AVAILABILITY = YES_AGGRESSIVE;
				CLANG_WARN_UNREACHABLE_CODE = YES;
				CLANG_WARN__DUPLICATE_METHOD_MATCH = YES;
				COPY_PHASE_STRIP = NO;
				DEBUG_INFORMATION_FORMAT = "dwarf-with-dsym";
				ENABLE_NS_ASSERTIONS = NO;
				ENABLE_STRICT_OBJC_MSGSEND = YES;
				GCC_C_LANGUAGE_STANDARD = gnu11;
				GCC_NO_COMMON_BLOCKS = YES;
				GCC_WARN_64_TO_32_BIT_CONVERSION = YES;
				GCC_WARN_ABOUT_RETURN_TYPE = YES_ERROR;
				GCC_WARN_UNDECLARED_SELECTOR = YES;
				GCC_WARN_UNINITIALIZED_AUTOS = YES_AGGRESSIVE;
				GCC_WARN_UNUSED_FUNCTION = YES;
				GCC_WARN_UNUSED_VARIABLE = YES;
				IPHONEOS_DEPLOYMENT_TARGET = 15.0;
				MTL_ENABLE_DEBUG_INFO = NO;
				MTL_FAST_MATH = YES;
				SDKROOT = iphoneos;
				SWIFT_COMPILATION_MODE = wholemodule;
				SWIFT_OPTIMIZATION_LEVEL = "-O";
				VALIDATE_PRODUCT = YES;
			};
			name = Release;
		};
		ABBD78D12739FCC2007791EB /* Debug */ = {
			isa = XCBuildConfiguration;
			baseConfigurationReference = 781B13F522DDBA5FD3CD9FB4 /* Pods-Firebase-Login-Sample.debug.xcconfig */;
			buildSettings = {
				ASSETCATALOG_COMPILER_APPICON_NAME = AppIcon;
				ASSETCATALOG_COMPILER_GLOBAL_ACCENT_COLOR_NAME = AccentColor;
				CODE_SIGN_STYLE = Automatic;
				CURRENT_PROJECT_VERSION = 1;
				DEVELOPMENT_TEAM = 242KS3V77L;
				GENERATE_INFOPLIST_FILE = YES;
				INFOPLIST_FILE = "Firebase-Login-Sample/Resources/Info.plist";
				INFOPLIST_KEY_UIApplicationSupportsIndirectInputEvents = YES;
				INFOPLIST_KEY_UILaunchStoryboardName = LaunchScreen;
				INFOPLIST_KEY_UIMainStoryboardFile = Top;
				INFOPLIST_KEY_UISupportedInterfaceOrientations_iPad = "UIInterfaceOrientationPortrait UIInterfaceOrientationPortraitUpsideDown UIInterfaceOrientationLandscapeLeft UIInterfaceOrientationLandscapeRight";
				INFOPLIST_KEY_UISupportedInterfaceOrientations_iPhone = "UIInterfaceOrientationPortrait UIInterfaceOrientationLandscapeLeft UIInterfaceOrientationLandscapeRight";
				LD_RUNPATH_SEARCH_PATHS = (
					"$(inherited)",
					"@executable_path/Frameworks",
				);
				MARKETING_VERSION = 1.0;
				PRODUCT_BUNDLE_IDENTIFIER = "oonishireon.Firebase-Login-Sample";
				PRODUCT_NAME = "$(TARGET_NAME)";
				SWIFT_EMIT_LOC_STRINGS = YES;
				SWIFT_VERSION = 5.0;
				TARGETED_DEVICE_FAMILY = "1,2";
			};
			name = Debug;
		};
		ABBD78D22739FCC2007791EB /* Release */ = {
			isa = XCBuildConfiguration;
			baseConfigurationReference = 3E2E68AF8C520E06094FD7B7 /* Pods-Firebase-Login-Sample.release.xcconfig */;
			buildSettings = {
				ASSETCATALOG_COMPILER_APPICON_NAME = AppIcon;
				ASSETCATALOG_COMPILER_GLOBAL_ACCENT_COLOR_NAME = AccentColor;
				CODE_SIGN_STYLE = Automatic;
				CURRENT_PROJECT_VERSION = 1;
				DEVELOPMENT_TEAM = 242KS3V77L;
				GENERATE_INFOPLIST_FILE = YES;
				INFOPLIST_FILE = "Firebase-Login-Sample/Resources/Info.plist";
				INFOPLIST_KEY_UIApplicationSupportsIndirectInputEvents = YES;
				INFOPLIST_KEY_UILaunchStoryboardName = LaunchScreen;
				INFOPLIST_KEY_UIMainStoryboardFile = Top;
				INFOPLIST_KEY_UISupportedInterfaceOrientations_iPad = "UIInterfaceOrientationPortrait UIInterfaceOrientationPortraitUpsideDown UIInterfaceOrientationLandscapeLeft UIInterfaceOrientationLandscapeRight";
				INFOPLIST_KEY_UISupportedInterfaceOrientations_iPhone = "UIInterfaceOrientationPortrait UIInterfaceOrientationLandscapeLeft UIInterfaceOrientationLandscapeRight";
				LD_RUNPATH_SEARCH_PATHS = (
					"$(inherited)",
					"@executable_path/Frameworks",
				);
				MARKETING_VERSION = 1.0;
				PRODUCT_BUNDLE_IDENTIFIER = "oonishireon.Firebase-Login-Sample";
				PRODUCT_NAME = "$(TARGET_NAME)";
				SWIFT_EMIT_LOC_STRINGS = YES;
				SWIFT_VERSION = 5.0;
				TARGETED_DEVICE_FAMILY = "1,2";
			};
			name = Release;
		};
		ABBD78D42739FCC2007791EB /* Debug */ = {
			isa = XCBuildConfiguration;
			baseConfigurationReference = E59E3ECD23350FB2FD693C39 /* Pods-Firebase-Login-SampleTests.debug.xcconfig */;
			buildSettings = {
				ALWAYS_EMBED_SWIFT_STANDARD_LIBRARIES = YES;
				BUNDLE_LOADER = "$(TEST_HOST)";
				CODE_SIGN_STYLE = Automatic;
				CURRENT_PROJECT_VERSION = 1;
				DEVELOPMENT_TEAM = 242KS3V77L;
				GENERATE_INFOPLIST_FILE = YES;
				IPHONEOS_DEPLOYMENT_TARGET = 15.0;
				LD_RUNPATH_SEARCH_PATHS = (
					"$(inherited)",
					"@executable_path/Frameworks",
					"@loader_path/Frameworks",
				);
				MARKETING_VERSION = 1.0;
				PRODUCT_BUNDLE_IDENTIFIER = "oonishireon.Firebase-Login-SampleTests";
				PRODUCT_NAME = "$(TARGET_NAME)";
				SWIFT_EMIT_LOC_STRINGS = NO;
				SWIFT_VERSION = 5.0;
				TARGETED_DEVICE_FAMILY = "1,2";
				TEST_HOST = "$(BUILT_PRODUCTS_DIR)/Firebase-Login-Sample.app/Firebase-Login-Sample";
			};
			name = Debug;
		};
		ABBD78D52739FCC2007791EB /* Release */ = {
			isa = XCBuildConfiguration;
			baseConfigurationReference = 13262D8063EACEE91E621679 /* Pods-Firebase-Login-SampleTests.release.xcconfig */;
			buildSettings = {
				ALWAYS_EMBED_SWIFT_STANDARD_LIBRARIES = YES;
				BUNDLE_LOADER = "$(TEST_HOST)";
				CODE_SIGN_STYLE = Automatic;
				CURRENT_PROJECT_VERSION = 1;
				DEVELOPMENT_TEAM = 242KS3V77L;
				GENERATE_INFOPLIST_FILE = YES;
				IPHONEOS_DEPLOYMENT_TARGET = 15.0;
				LD_RUNPATH_SEARCH_PATHS = (
					"$(inherited)",
					"@executable_path/Frameworks",
					"@loader_path/Frameworks",
				);
				MARKETING_VERSION = 1.0;
				PRODUCT_BUNDLE_IDENTIFIER = "oonishireon.Firebase-Login-SampleTests";
				PRODUCT_NAME = "$(TARGET_NAME)";
				SWIFT_EMIT_LOC_STRINGS = NO;
				SWIFT_VERSION = 5.0;
				TARGETED_DEVICE_FAMILY = "1,2";
				TEST_HOST = "$(BUILT_PRODUCTS_DIR)/Firebase-Login-Sample.app/Firebase-Login-Sample";
			};
			name = Release;
		};
		ABBD78D72739FCC2007791EB /* Debug */ = {
			isa = XCBuildConfiguration;
			baseConfigurationReference = AB9D9BAF116A1D0DFF1F8D5B /* Pods-Firebase-Login-Sample-Firebase-Login-SampleUITests.debug.xcconfig */;
			buildSettings = {
				ALWAYS_EMBED_SWIFT_STANDARD_LIBRARIES = YES;
				CODE_SIGN_STYLE = Automatic;
				CURRENT_PROJECT_VERSION = 1;
				DEVELOPMENT_TEAM = 242KS3V77L;
				GENERATE_INFOPLIST_FILE = YES;
				LD_RUNPATH_SEARCH_PATHS = (
					"$(inherited)",
					"@executable_path/Frameworks",
					"@loader_path/Frameworks",
				);
				MARKETING_VERSION = 1.0;
				PRODUCT_BUNDLE_IDENTIFIER = "oonishireon.Firebase-Login-SampleUITests";
				PRODUCT_NAME = "$(TARGET_NAME)";
				SWIFT_EMIT_LOC_STRINGS = NO;
				SWIFT_VERSION = 5.0;
				TARGETED_DEVICE_FAMILY = "1,2";
				TEST_TARGET_NAME = "Firebase-Login-Sample";
			};
			name = Debug;
		};
		ABBD78D82739FCC2007791EB /* Release */ = {
			isa = XCBuildConfiguration;
			baseConfigurationReference = 93F34174E76119C68F93355D /* Pods-Firebase-Login-Sample-Firebase-Login-SampleUITests.release.xcconfig */;
			buildSettings = {
				ALWAYS_EMBED_SWIFT_STANDARD_LIBRARIES = YES;
				CODE_SIGN_STYLE = Automatic;
				CURRENT_PROJECT_VERSION = 1;
				DEVELOPMENT_TEAM = 242KS3V77L;
				GENERATE_INFOPLIST_FILE = YES;
				LD_RUNPATH_SEARCH_PATHS = (
					"$(inherited)",
					"@executable_path/Frameworks",
					"@loader_path/Frameworks",
				);
				MARKETING_VERSION = 1.0;
				PRODUCT_BUNDLE_IDENTIFIER = "oonishireon.Firebase-Login-SampleUITests";
				PRODUCT_NAME = "$(TARGET_NAME)";
				SWIFT_EMIT_LOC_STRINGS = NO;
				SWIFT_VERSION = 5.0;
				TARGETED_DEVICE_FAMILY = "1,2";
				TEST_TARGET_NAME = "Firebase-Login-Sample";
			};
			name = Release;
		};
/* End XCBuildConfiguration section */

/* Begin XCConfigurationList section */
		ABBD78A12739FCC0007791EB /* Build configuration list for PBXProject "Firebase-Login-Sample" */ = {
			isa = XCConfigurationList;
			buildConfigurations = (
				ABBD78CE2739FCC2007791EB /* Debug */,
				ABBD78CF2739FCC2007791EB /* Release */,
			);
			defaultConfigurationIsVisible = 0;
			defaultConfigurationName = Release;
		};
		ABBD78D02739FCC2007791EB /* Build configuration list for PBXNativeTarget "Firebase-Login-Sample" */ = {
			isa = XCConfigurationList;
			buildConfigurations = (
				ABBD78D12739FCC2007791EB /* Debug */,
				ABBD78D22739FCC2007791EB /* Release */,
			);
			defaultConfigurationIsVisible = 0;
			defaultConfigurationName = Release;
		};
		ABBD78D32739FCC2007791EB /* Build configuration list for PBXNativeTarget "Firebase-Login-SampleTests" */ = {
			isa = XCConfigurationList;
			buildConfigurations = (
				ABBD78D42739FCC2007791EB /* Debug */,
				ABBD78D52739FCC2007791EB /* Release */,
			);
			defaultConfigurationIsVisible = 0;
			defaultConfigurationName = Release;
		};
		ABBD78D62739FCC2007791EB /* Build configuration list for PBXNativeTarget "Firebase-Login-SampleUITests" */ = {
			isa = XCConfigurationList;
			buildConfigurations = (
				ABBD78D72739FCC2007791EB /* Debug */,
				ABBD78D82739FCC2007791EB /* Release */,
			);
			defaultConfigurationIsVisible = 0;
			defaultConfigurationName = Release;
		};
/* End XCConfigurationList section */
	};
	rootObject = ABBD789E2739FCC0007791EB /* Project object */;
}
